// !$*UTF8*$!
{
	archiveVersion = 1;
	classes = {
	};
	objectVersion = 77;
	objects = {

/* Begin PBXContainerItemProxy section */
		296F61E62D004332007259FC /* PBXContainerItemProxy */ = {
			isa = PBXContainerItemProxy;
			containerPortal = 296F61CD2D004331007259FC /* Project object */;
			proxyType = 1;
			remoteGlobalIDString = 296F61D42D004331007259FC;
			remoteInfo = jabamaAssignment;
		};
		296F61F02D004332007259FC /* PBXContainerItemProxy */ = {
			isa = PBXContainerItemProxy;
			containerPortal = 296F61CD2D004331007259FC /* Project object */;
			proxyType = 1;
			remoteGlobalIDString = 296F61D42D004331007259FC;
			remoteInfo = jabamaAssignment;
		};
/* End PBXContainerItemProxy section */

/* Begin PBXFileReference section */
		296F61D52D004331007259FC /* jabamaAssignment.app */ = {isa = PBXFileReference; explicitFileType = wrapper.application; includeInIndex = 0; path = jabamaAssignment.app; sourceTree = BUILT_PRODUCTS_DIR; };
		296F61E52D004332007259FC /* jabamaAssignmentTests.xctest */ = {isa = PBXFileReference; explicitFileType = wrapper.cfbundle; includeInIndex = 0; path = jabamaAssignmentTests.xctest; sourceTree = BUILT_PRODUCTS_DIR; };
		296F61EF2D004332007259FC /* jabamaAssignmentUITests.xctest */ = {isa = PBXFileReference; explicitFileType = wrapper.cfbundle; includeInIndex = 0; path = jabamaAssignmentUITests.xctest; sourceTree = BUILT_PRODUCTS_DIR; };
/* End PBXFileReference section */

/* Begin PBXFileSystemSynchronizedBuildFileExceptionSet section */
		296F62122D0074F4007259FC /* Exceptions for "jabamaAssignment" folder in "jabamaAssignment" target */ = {
			isa = PBXFileSystemSynchronizedBuildFileExceptionSet;
			membershipExceptions = (
				Info.plist,
			);
			target = 296F61D42D004331007259FC /* jabamaAssignment */;
		};
/* End PBXFileSystemSynchronizedBuildFileExceptionSet section */

/* Begin PBXFileSystemSynchronizedRootGroup section */
		296F61D72D004331007259FC /* jabamaAssignment */ = {
			isa = PBXFileSystemSynchronizedRootGroup;
			exceptions = (
				296F62122D0074F4007259FC /* Exceptions for "jabamaAssignment" folder in "jabamaAssignment" target */,
			);
			path = jabamaAssignment;
			sourceTree = "<group>";
		};
		296F61E82D004332007259FC /* jabamaAssignmentTests */ = {
			isa = PBXFileSystemSynchronizedRootGroup;
			path = jabamaAssignmentTests;
			sourceTree = "<group>";
		};
		296F61F22D004332007259FC /* jabamaAssignmentUITests */ = {
			isa = PBXFileSystemSynchronizedRootGroup;
			path = jabamaAssignmentUITests;
			sourceTree = "<group>";
		};
/* End PBXFileSystemSynchronizedRootGroup section */

/* Begin PBXFrameworksBuildPhase section */
		296F61D22D004331007259FC /* Frameworks */ = {
			isa = PBXFrameworksBuildPhase;
			buildActionMask = 2147483647;
			files = (
			);
			runOnlyForDeploymentPostprocessing = 0;
		};
		296F61E22D004332007259FC /* Frameworks */ = {
			isa = PBXFrameworksBuildPhase;
			buildActionMask = 2147483647;
			files = (
			);
			runOnlyForDeploymentPostprocessing = 0;
		};
		296F61EC2D004332007259FC /* Frameworks */ = {
			isa = PBXFrameworksBuildPhase;
			buildActionMask = 2147483647;
			files = (
			);
			runOnlyForDeploymentPostprocessing = 0;
		};
/* End PBXFrameworksBuildPhase section */

/* Begin PBXGroup section */
		296F61CC2D004331007259FC = {
			isa = PBXGroup;
			children = (
				296F61D72D004331007259FC /* jabamaAssignment */,
				296F61E82D004332007259FC /* jabamaAssignmentTests */,
				296F61F22D004332007259FC /* jabamaAssignmentUITests */,
				296F61D62D004331007259FC /* Products */,
			);
			sourceTree = "<group>";
		};
		296F61D62D004331007259FC /* Products */ = {
			isa = PBXGroup;
			children = (
				296F61D52D004331007259FC /* jabamaAssignment.app */,
				296F61E52D004332007259FC /* jabamaAssignmentTests.xctest */,
				296F61EF2D004332007259FC /* jabamaAssignmentUITests.xctest */,
			);
			name = Products;
			sourceTree = "<group>";
		};
/* End PBXGroup section */

/* Begin PBXNativeTarget section */
		296F61D42D004331007259FC /* jabamaAssignment */ = {
			isa = PBXNativeTarget;
			buildConfigurationList = 296F61F92D004332007259FC /* Build configuration list for PBXNativeTarget "jabamaAssignment" */;
			buildPhases = (
				296F61D12D004331007259FC /* Sources */,
				296F61D22D004331007259FC /* Frameworks */,
				296F61D32D004331007259FC /* Resources */,
			);
			buildRules = (
			);
			dependencies = (
			);
			fileSystemSynchronizedGroups = (
				296F61D72D004331007259FC /* jabamaAssignment */,
			);
			name = jabamaAssignment;
			packageProductDependencies = (
			);
			productName = jabamaAssignment;
			productReference = 296F61D52D004331007259FC /* jabamaAssignment.app */;
			productType = "com.apple.product-type.application";
		};
		296F61E42D004332007259FC /* jabamaAssignmentTests */ = {
			isa = PBXNativeTarget;
			buildConfigurationList = 296F61FC2D004332007259FC /* Build configuration list for PBXNativeTarget "jabamaAssignmentTests" */;
			buildPhases = (
				296F61E12D004332007259FC /* Sources */,
				296F61E22D004332007259FC /* Frameworks */,
				296F61E32D004332007259FC /* Resources */,
			);
			buildRules = (
			);
			dependencies = (
				296F61E72D004332007259FC /* PBXTargetDependency */,
			);
			fileSystemSynchronizedGroups = (
				296F61E82D004332007259FC /* jabamaAssignmentTests */,
			);
			name = jabamaAssignmentTests;
			packageProductDependencies = (
			);
			productName = jabamaAssignmentTests;
			productReference = 296F61E52D004332007259FC /* jabamaAssignmentTests.xctest */;
			productType = "com.apple.product-type.bundle.unit-test";
		};
		296F61EE2D004332007259FC /* jabamaAssignmentUITests */ = {
			isa = PBXNativeTarget;
			buildConfigurationList = 296F61FF2D004332007259FC /* Build configuration list for PBXNativeTarget "jabamaAssignmentUITests" */;
			buildPhases = (
				296F61EB2D004332007259FC /* Sources */,
				296F61EC2D004332007259FC /* Frameworks */,
				296F61ED2D004332007259FC /* Resources */,
			);
			buildRules = (
			);
			dependencies = (
				296F61F12D004332007259FC /* PBXTargetDependency */,
			);
			fileSystemSynchronizedGroups = (
				296F61F22D004332007259FC /* jabamaAssignmentUITests */,
			);
			name = jabamaAssignmentUITests;
			packageProductDependencies = (
			);
			productName = jabamaAssignmentUITests;
			productReference = 296F61EF2D004332007259FC /* jabamaAssignmentUITests.xctest */;
			productType = "com.apple.product-type.bundle.ui-testing";
		};
/* End PBXNativeTarget section */

/* Begin PBXProject section */
		296F61CD2D004331007259FC /* Project object */ = {
			isa = PBXProject;
			attributes = {
				BuildIndependentTargetsInParallel = 1;
				LastSwiftUpdateCheck = 1610;
				LastUpgradeCheck = 1610;
				TargetAttributes = {
					296F61D42D004331007259FC = {
						CreatedOnToolsVersion = 16.1;
					};
					296F61E42D004332007259FC = {
						CreatedOnToolsVersion = 16.1;
						TestTargetID = 296F61D42D004331007259FC;
					};
					296F61EE2D004332007259FC = {
						CreatedOnToolsVersion = 16.1;
						TestTargetID = 296F61D42D004331007259FC;
					};
				};
			};
			buildConfigurationList = 296F61D02D004331007259FC /* Build configuration list for PBXProject "jabamaAssignment" */;
			developmentRegion = en;
			hasScannedForEncodings = 0;
			knownRegions = (
				en,
				Base,
			);
			mainGroup = 296F61CC2D004331007259FC;
			minimizedProjectReferenceProxies = 1;
			preferredProjectObjectVersion = 77;
			productRefGroup = 296F61D62D004331007259FC /* Products */;
			projectDirPath = "";
			projectRoot = "";
			targets = (
				296F61D42D004331007259FC /* jabamaAssignment */,
				296F61E42D004332007259FC /* jabamaAssignmentTests */,
				296F61EE2D004332007259FC /* jabamaAssignmentUITests */,
			);
		};
/* End PBXProject section */

/* Begin PBXResourcesBuildPhase section */
		296F61D32D004331007259FC /* Resources */ = {
			isa = PBXResourcesBuildPhase;
			buildActionMask = 2147483647;
			files = (
			);
			runOnlyForDeploymentPostprocessing = 0;
		};
		296F61E32D004332007259FC /* Resources */ = {
			isa = PBXResourcesBuildPhase;
			buildActionMask = 2147483647;
			files = (
			);
			runOnlyForDeploymentPostprocessing = 0;
		};
		296F61ED2D004332007259FC /* Resources */ = {
			isa = PBXResourcesBuildPhase;
			buildActionMask = 2147483647;
			files = (
			);
			runOnlyForDeploymentPostprocessing = 0;
		};
/* End PBXResourcesBuildPhase section */

/* Begin PBXSourcesBuildPhase section */
		296F61D12D004331007259FC /* Sources */ = {
			isa = PBXSourcesBuildPhase;
			buildActionMask = 2147483647;
			files = (
			);
			runOnlyForDeploymentPostprocessing = 0;
		};
		296F61E12D004332007259FC /* Sources */ = {
			isa = PBXSourcesBuildPhase;
			buildActionMask = 2147483647;
			files = (
			);
			runOnlyForDeploymentPostprocessing = 0;
		};
		296F61EB2D004332007259FC /* Sources */ = {
			isa = PBXSourcesBuildPhase;
			buildActionMask = 2147483647;
			files = (
			);
			runOnlyForDeploymentPostprocessing = 0;
		};
/* End PBXSourcesBuildPhase section */

/* Begin PBXTargetDependency section */
		296F61E72D004332007259FC /* PBXTargetDependency */ = {
			isa = PBXTargetDependency;
			target = 296F61D42D004331007259FC /* jabamaAssignment */;
			targetProxy = 296F61E62D004332007259FC /* PBXContainerItemProxy */;
		};
		296F61F12D004332007259FC /* PBXTargetDependency */ = {
			isa = PBXTargetDependency;
			target = 296F61D42D004331007259FC /* jabamaAssignment */;
			targetProxy = 296F61F02D004332007259FC /* PBXContainerItemProxy */;
		};
/* End PBXTargetDependency section */

/* Begin XCBuildConfiguration section */
		296F61F72D004332007259FC /* Debug */ = {
			isa = XCBuildConfiguration;
			baseConfigurationReferenceAnchor = 296F61D72D004331007259FC /* jabamaAssignment */;
			baseConfigurationReferenceRelativePath = Configurations/Debug.xcconfig;
			buildSettings = {
				ALWAYS_SEARCH_USER_PATHS = NO;
				ASSETCATALOG_COMPILER_GENERATE_SWIFT_ASSET_SYMBOL_EXTENSIONS = YES;
				CLANG_ANALYZER_NONNULL = YES;
				CLANG_ANALYZER_NUMBER_OBJECT_CONVERSION = YES_AGGRESSIVE;
				CLANG_CXX_LANGUAGE_STANDARD = "gnu++20";
				CLANG_ENABLE_MODULES = YES;
				CLANG_ENABLE_OBJC_ARC = YES;
				CLANG_ENABLE_OBJC_WEAK = YES;
				CLANG_WARN_BLOCK_CAPTURE_AUTORELEASING = YES;
				CLANG_WARN_BOOL_CONVERSION = YES;
				CLANG_WARN_COMMA = YES;
				CLANG_WARN_CONSTANT_CONVERSION = YES;
				CLANG_WARN_DEPRECATED_OBJC_IMPLEMENTATIONS = YES;
				CLANG_WARN_DIRECT_OBJC_ISA_USAGE = YES_ERROR;
				CLANG_WARN_DOCUMENTATION_COMMENTS = YES;
				CLANG_WARN_EMPTY_BODY = YES;
				CLANG_WARN_ENUM_CONVERSION = YES;
				CLANG_WARN_INFINITE_RECURSION = YES;
				CLANG_WARN_INT_CONVERSION = YES;
				CLANG_WARN_NON_LITERAL_NULL_CONVERSION = YES;
				CLANG_WARN_OBJC_IMPLICIT_RETAIN_SELF = YES;
				CLANG_WARN_OBJC_LITERAL_CONVERSION = YES;
				CLANG_WARN_OBJC_ROOT_CLASS = YES_ERROR;
				CLANG_WARN_QUOTED_INCLUDE_IN_FRAMEWORK_HEADER = YES;
				CLANG_WARN_RANGE_LOOP_ANALYSIS = YES;
				CLANG_WARN_STRICT_PROTOTYPES = YES;
				CLANG_WARN_SUSPICIOUS_MOVE = YES;
				CLANG_WARN_UNGUARDED_AVAILABILITY = YES_AGGRESSIVE;
				CLANG_WARN_UNREACHABLE_CODE = YES;
				CLANG_WARN__DUPLICATE_METHOD_MATCH = YES;
				COPY_PHASE_STRIP = NO;
				DEBUG_INFORMATION_FORMAT = dwarf;
				ENABLE_STRICT_OBJC_MSGSEND = YES;
				ENABLE_TESTABILITY = YES;
				ENABLE_USER_SCRIPT_SANDBOXING = YES;
				GCC_C_LANGUAGE_STANDARD = gnu17;
				GCC_DYNAMIC_NO_PIC = NO;
				GCC_NO_COMMON_BLOCKS = YES;
				GCC_OPTIMIZATION_LEVEL = 0;
				GCC_PREPROCESSOR_DEFINITIONS = (
					"DEBUG=1",
					"$(inherited)",
				);
				GCC_WARN_64_TO_32_BIT_CONVERSION = YES;
				GCC_WARN_ABOUT_RETURN_TYPE = YES_ERROR;
				GCC_WARN_UNDECLARED_SELECTOR = YES;
				GCC_WARN_UNINITIALIZED_AUTOS = YES_AGGRESSIVE;
				GCC_WARN_UNUSED_FUNCTION = YES;
				GCC_WARN_UNUSED_VARIABLE = YES;
				IPHONEOS_DEPLOYMENT_TARGET = 18.1;
				LOCALIZATION_PREFERS_STRING_CATALOGS = YES;
				MTL_ENABLE_DEBUG_INFO = INCLUDE_SOURCE;
				MTL_FAST_MATH = YES;
				ONLY_ACTIVE_ARCH = YES;
				SDKROOT = iphoneos;
				SWIFT_ACTIVE_COMPILATION_CONDITIONS = "DEBUG $(inherited)";
				SWIFT_OPTIMIZATION_LEVEL = "-Onone";
			};
			name = Debug;
		};
		296F61F82D004332007259FC /* Release */ = {
			isa = XCBuildConfiguration;
			baseConfigurationReferenceAnchor = 296F61D72D004331007259FC /* jabamaAssignment */;
			baseConfigurationReferenceRelativePath = Configurations/Release.xcconfig;
			buildSettings = {
				ALWAYS_SEARCH_USER_PATHS = NO;
				ASSETCATALOG_COMPILER_GENERATE_SWIFT_ASSET_SYMBOL_EXTENSIONS = YES;
				CLANG_ANALYZER_NONNULL = YES;
				CLANG_ANALYZER_NUMBER_OBJECT_CONVERSION = YES_AGGRESSIVE;
				CLANG_CXX_LANGUAGE_STANDARD = "gnu++20";
				CLANG_ENABLE_MODULES = YES;
				CLANG_ENABLE_OBJC_ARC = YES;
				CLANG_ENABLE_OBJC_WEAK = YES;
				CLANG_WARN_BLOCK_CAPTURE_AUTORELEASING = YES;
				CLANG_WARN_BOOL_CONVERSION = YES;
				CLANG_WARN_COMMA = YES;
				CLANG_WARN_CONSTANT_CONVERSION = YES;
				CLANG_WARN_DEPRECATED_OBJC_IMPLEMENTATIONS = YES;
				CLANG_WARN_DIRECT_OBJC_ISA_USAGE = YES_ERROR;
				CLANG_WARN_DOCUMENTATION_COMMENTS = YES;
				CLANG_WARN_EMPTY_BODY = YES;
				CLANG_WARN_ENUM_CONVERSION = YES;
				CLANG_WARN_INFINITE_RECURSION = YES;
				CLANG_WARN_INT_CONVERSION = YES;
				CLANG_WARN_NON_LITERAL_NULL_CONVERSION = YES;
				CLANG_WARN_OBJC_IMPLICIT_RETAIN_SELF = YES;
				CLANG_WARN_OBJC_LITERAL_CONVERSION = YES;
				CLANG_WARN_OBJC_ROOT_CLASS = YES_ERROR;
				CLANG_WARN_QUOTED_INCLUDE_IN_FRAMEWORK_HEADER = YES;
				CLANG_WARN_RANGE_LOOP_ANALYSIS = YES;
				CLANG_WARN_STRICT_PROTOTYPES = YES;
				CLANG_WARN_SUSPICIOUS_MOVE = YES;
				CLANG_WARN_UNGUARDED_AVAILABILITY = YES_AGGRESSIVE;
				CLANG_WARN_UNREACHABLE_CODE = YES;
				CLANG_WARN__DUPLICATE_METHOD_MATCH = YES;
				COPY_PHASE_STRIP = NO;
				DEBUG_INFORMATION_FORMAT = "dwarf-with-dsym";
				ENABLE_NS_ASSERTIONS = NO;
				ENABLE_STRICT_OBJC_MSGSEND = YES;
				ENABLE_USER_SCRIPT_SANDBOXING = YES;
				GCC_C_LANGUAGE_STANDARD = gnu17;
				GCC_NO_COMMON_BLOCKS = YES;
				GCC_WARN_64_TO_32_BIT_CONVERSION = YES;
				GCC_WARN_ABOUT_RETURN_TYPE = YES_ERROR;
				GCC_WARN_UNDECLARED_SELECTOR = YES;
				GCC_WARN_UNINITIALIZED_AUTOS = YES_AGGRESSIVE;
				GCC_WARN_UNUSED_FUNCTION = YES;
				GCC_WARN_UNUSED_VARIABLE = YES;
				IPHONEOS_DEPLOYMENT_TARGET = 18.1;
				LOCALIZATION_PREFERS_STRING_CATALOGS = YES;
				MTL_ENABLE_DEBUG_INFO = NO;
				MTL_FAST_MATH = YES;
				SDKROOT = iphoneos;
				SWIFT_COMPILATION_MODE = wholemodule;
				VALIDATE_PRODUCT = YES;
			};
			name = Release;
		};
		296F61FA2D004332007259FC /* Debug */ = {
			isa = XCBuildConfiguration;
			baseConfigurationReferenceAnchor = 296F61D72D004331007259FC /* jabamaAssignment */;
			baseConfigurationReferenceRelativePath = Configurations/Debug.xcconfig;
			buildSettings = {
				ASSETCATALOG_COMPILER_APPICON_NAME = AppIcon;
				ASSETCATALOG_COMPILER_GLOBAL_ACCENT_COLOR_NAME = AccentColor;
				CODE_SIGN_STYLE = Automatic;
				CURRENT_PROJECT_VERSION = 1;
				DEVELOPMENT_ASSET_PATHS = "\"jabamaAssignment/Preview Content\"";
				ENABLE_PREVIEWS = YES;
				GENERATE_INFOPLIST_FILE = YES;
				INFOPLIST_FILE = jabamaAssignment/Info.plist;
				INFOPLIST_KEY_UIApplicationSceneManifest_Generation = YES;
				INFOPLIST_KEY_UIApplicationSupportsIndirectInputEvents = YES;
				INFOPLIST_KEY_UILaunchScreen_Generation = YES;
				INFOPLIST_KEY_UISupportedInterfaceOrientations_iPad = "UIInterfaceOrientationPortrait UIInterfaceOrientationPortraitUpsideDown UIInterfaceOrientationLandscapeLeft UIInterfaceOrientationLandscapeRight";
				INFOPLIST_KEY_UISupportedInterfaceOrientations_iPhone = "UIInterfaceOrientationPortrait UIInterfaceOrientationLandscapeLeft UIInterfaceOrientationLandscapeRight";
				IPHONEOS_DEPLOYMENT_TARGET = 17;
				LD_RUNPATH_SEARCH_PATHS = (
					"$(inherited)",
					"@executable_path/Frameworks",
				);
				MARKETING_VERSION = 1.0;
				PRODUCT_BUNDLE_IDENTIFIER = Jabama.jabamaAssignment;
				PRODUCT_NAME = "$(TARGET_NAME)";
				SWIFT_EMIT_LOC_STRINGS = YES;
				SWIFT_VERSION = 5.0;
				TARGETED_DEVICE_FAMILY = "1,2";
			};
			name = Debug;
		};
		296F61FB2D004332007259FC /* Release */ = {
			isa = XCBuildConfiguration;
			baseConfigurationReferenceAnchor = 296F61D72D004331007259FC /* jabamaAssignment */;
			baseConfigurationReferenceRelativePath = Configurations/Debug.xcconfig;
			buildSettings = {
				ASSETCATALOG_COMPILER_APPICON_NAME = AppIcon;
				ASSETCATALOG_COMPILER_GLOBAL_ACCENT_COLOR_NAME = AccentColor;
				CODE_SIGN_STYLE = Automatic;
				CURRENT_PROJECT_VERSION = 1;
				DEVELOPMENT_ASSET_PATHS = "\"jabamaAssignment/Preview Content\"";
				ENABLE_PREVIEWS = YES;
				GENERATE_INFOPLIST_FILE = YES;
				INFOPLIST_FILE = jabamaAssignment/Info.plist;
				INFOPLIST_KEY_UIApplicationSceneManifest_Generation = YES;
				INFOPLIST_KEY_UIApplicationSupportsIndirectInputEvents = YES;
				INFOPLIST_KEY_UILaunchScreen_Generation = YES;
				INFOPLIST_KEY_UISupportedInterfaceOrientations_iPad = "UIInterfaceOrientationPortrait UIInterfaceOrientationPortraitUpsideDown UIInterfaceOrientationLandscapeLeft UIInterfaceOrientationLandscapeRight";
				INFOPLIST_KEY_UISupportedInterfaceOrientations_iPhone = "UIInterfaceOrientationPortrait UIInterfaceOrientationLandscapeLeft UIInterfaceOrientationLandscapeRight";
				IPHONEOS_DEPLOYMENT_TARGET = 17;
				LD_RUNPATH_SEARCH_PATHS = (
					"$(inherited)",
					"@executable_path/Frameworks",
				);
				MARKETING_VERSION = 1.0;
				PRODUCT_BUNDLE_IDENTIFIER = Jabama.jabamaAssignment;
				PRODUCT_NAME = "$(TARGET_NAME)";
				SWIFT_EMIT_LOC_STRINGS = YES;
				SWIFT_VERSION = 5.0;
				TARGETED_DEVICE_FAMILY = "1,2";
			};
			name = Release;
		};
		296F61FD2D004332007259FC /* Debug */ = {
			isa = XCBuildConfiguration;
			baseConfigurationReferenceAnchor = 296F61D72D004331007259FC /* jabamaAssignment */;
			baseConfigurationReferenceRelativePath = Configurations/Debug.xcconfig;
			buildSettings = {
				BUNDLE_LOADER = "$(TEST_HOST)";
				CODE_SIGN_STYLE = Automatic;
				CURRENT_PROJECT_VERSION = 1;
				GENERATE_INFOPLIST_FILE = YES;
				IPHONEOS_DEPLOYMENT_TARGET = 18.1;
				MARKETING_VERSION = 1.0;
				PRODUCT_BUNDLE_IDENTIFIER = Jabama.jabamaAssignmentTests;
				PRODUCT_NAME = "$(TARGET_NAME)";
				SWIFT_EMIT_LOC_STRINGS = NO;
				SWIFT_VERSION = 5.0;
				TARGETED_DEVICE_FAMILY = "1,2";
				TEST_HOST = "$(BUILT_PRODUCTS_DIR)/jabamaAssignment.app/$(BUNDLE_EXECUTABLE_FOLDER_PATH)/jabamaAssignment";
			};
			name = Debug;
		};
		296F61FE2D004332007259FC /* Release */ = {
			isa = XCBuildConfiguration;
			baseConfigurationReferenceAnchor = 296F61D72D004331007259FC /* jabamaAssignment */;
			baseConfigurationReferenceRelativePath = Configurations/Debug.xcconfig;
			buildSettings = {
				BUNDLE_LOADER = "$(TEST_HOST)";
				CODE_SIGN_STYLE = Automatic;
				CURRENT_PROJECT_VERSION = 1;
				GENERATE_INFOPLIST_FILE = YES;
				IPHONEOS_DEPLOYMENT_TARGET = 18.1;
				MARKETING_VERSION = 1.0;
				PRODUCT_BUNDLE_IDENTIFIER = Jabama.jabamaAssignmentTests;
				PRODUCT_NAME = "$(TARGET_NAME)";
				SWIFT_EMIT_LOC_STRINGS = NO;
				SWIFT_VERSION = 5.0;
				TARGETED_DEVICE_FAMILY = "1,2";
				TEST_HOST = "$(BUILT_PRODUCTS_DIR)/jabamaAssignment.app/$(BUNDLE_EXECUTABLE_FOLDER_PATH)/jabamaAssignment";
			};
			name = Release;
		};
		296F62002D004332007259FC /* Debug */ = {
			isa = XCBuildConfiguration;
			buildSettings = {
				CODE_SIGN_STYLE = Automatic;
				CURRENT_PROJECT_VERSION = 1;
				GENERATE_INFOPLIST_FILE = YES;
				MARKETING_VERSION = 1.0;
				PRODUCT_BUNDLE_IDENTIFIER = Jabama.jabamaAssignmentUITests;
				PRODUCT_NAME = "$(TARGET_NAME)";
				SWIFT_EMIT_LOC_STRINGS = NO;
				SWIFT_VERSION = 5.0;
				TARGETED_DEVICE_FAMILY = "1,2";
				TEST_TARGET_NAME = jabamaAssignment;
			};
			name = Debug;
		};
		296F62012D004332007259FC /* Release */ = {
			isa = XCBuildConfiguration;
			buildSettings = {
				CODE_SIGN_STYLE = Automatic;
				CURRENT_PROJECT_VERSION = 1;
				GENERATE_INFOPLIST_FILE = YES;
				MARKETING_VERSION = 1.0;
				PRODUCT_BUNDLE_IDENTIFIER = Jabama.jabamaAssignmentUITests;
				PRODUCT_NAME = "$(TARGET_NAME)";
				SWIFT_EMIT_LOC_STRINGS = NO;
				SWIFT_VERSION = 5.0;
				TARGETED_DEVICE_FAMILY = "1,2";
				TEST_TARGET_NAME = jabamaAssignment;
			};
			name = Release;
		};
/* End XCBuildConfiguration section */

/* Begin XCConfigurationList section */
		296F61D02D004331007259FC /* Build configuration list for PBXProject "jabamaAssignment" */ = {
			isa = XCConfigurationList;
			buildConfigurations = (
				296F61F72D004332007259FC /* Debug */,
				296F61F82D004332007259FC /* Release */,
			);
			defaultConfigurationIsVisible = 0;
			defaultConfigurationName = Release;
		};
		296F61F92D004332007259FC /* Build configuration list for PBXNativeTarget "jabamaAssignment" */ = {
			isa = XCConfigurationList;
			buildConfigurations = (
				296F61FA2D004332007259FC /* Debug */,
				296F61FB2D004332007259FC /* Release */,
			);
			defaultConfigurationIsVisible = 0;
			defaultConfigurationName = Release;
		};
		296F61FC2D004332007259FC /* Build configuration list for PBXNativeTarget "jabamaAssignmentTests" */ = {
			isa = XCConfigurationList;
			buildConfigurations = (
				296F61FD2D004332007259FC /* Debug */,
				296F61FE2D004332007259FC /* Release */,
			);
			defaultConfigurationIsVisible = 0;
			defaultConfigurationName = Release;
		};
		296F61FF2D004332007259FC /* Build configuration list for PBXNativeTarget "jabamaAssignmentUITests" */ = {
			isa = XCConfigurationList;
			buildConfigurations = (
				296F62002D004332007259FC /* Debug */,
				296F62012D004332007259FC /* Release */,
			);
			defaultConfigurationIsVisible = 0;
			defaultConfigurationName = Release;
		};
/* End XCConfigurationList section */
	};
	rootObject = 296F61CD2D004331007259FC /* Project object */;
}
