// !$*UTF8*$!
{
	archiveVersion = 1;
	classes = {
	};
	objectVersion = 56;
	objects = {

/* Begin PBXBuildFile section */
		124407DC2CF218810014265D /* FiveSquareApp.swift in Sources */ = {isa = PBXBuildFile; fileRef = 124407DB2CF218810014265D /* FiveSquareApp.swift */; };
		124407DE2CF218810014265D /* ContentView.swift in Sources */ = {isa = PBXBuildFile; fileRef = 124407DD2CF218810014265D /* ContentView.swift */; };
		124407E02CF218820014265D /* Assets.xcassets in Resources */ = {isa = PBXBuildFile; fileRef = 124407DF2CF218820014265D /* Assets.xcassets */; };
		12FD65352CF224500070DA18 /* PlaceCard.swift in Sources */ = {isa = PBXBuildFile; fileRef = 12FD65342CF224500070DA18 /* PlaceCard.swift */; };
		12FD65372CF225200070DA18 /* PlaceCard.Model.swift in Sources */ = {isa = PBXBuildFile; fileRef = 12FD65362CF225200070DA18 /* PlaceCard.Model.swift */; };
		12FD65392CF229F30070DA18 /* PlacesHorizontalList.swift in Sources */ = {isa = PBXBuildFile; fileRef = 12FD65382CF229F30070DA18 /* PlacesHorizontalList.swift */; };
		12FD653D2CF2306A0070DA18 /* PlacesMap.swift in Sources */ = {isa = PBXBuildFile; fileRef = 12FD653C2CF2306A0070DA18 /* PlacesMap.swift */; };
		12FD653F2CF230870070DA18 /* PlacesMap.Model.swift in Sources */ = {isa = PBXBuildFile; fileRef = 12FD653E2CF230870070DA18 /* PlacesMap.Model.swift */; };
		12FD65412CF234E70070DA18 /* ListedPlacesMap.swift in Sources */ = {isa = PBXBuildFile; fileRef = 12FD65402CF234E70070DA18 /* ListedPlacesMap.swift */; };
		12FD65432CF236940070DA18 /* ListedPlacesMap.Model.swift in Sources */ = {isa = PBXBuildFile; fileRef = 12FD65422CF236940070DA18 /* ListedPlacesMap.Model.swift */; };
		12FD65452CF239970070DA18 /* ListedPlacesMap+Conversions.swift in Sources */ = {isa = PBXBuildFile; fileRef = 12FD65442CF239970070DA18 /* ListedPlacesMap+Conversions.swift */; };
		12FD65472CF2433E0070DA18 /* PlaceManager.swift in Sources */ = {isa = PBXBuildFile; fileRef = 12FD65462CF2433E0070DA18 /* PlaceManager.swift */; };
/* End PBXBuildFile section */

/* Begin PBXFileReference section */
		124407D82CF218810014265D /* FiveSquare.app */ = {isa = PBXFileReference; explicitFileType = wrapper.application; includeInIndex = 0; path = FiveSquare.app; sourceTree = BUILT_PRODUCTS_DIR; };
		124407DB2CF218810014265D /* FiveSquareApp.swift */ = {isa = PBXFileReference; lastKnownFileType = sourcecode.swift; path = FiveSquareApp.swift; sourceTree = "<group>"; };
		124407DD2CF218810014265D /* ContentView.swift */ = {isa = PBXFileReference; lastKnownFileType = sourcecode.swift; path = ContentView.swift; sourceTree = "<group>"; };
		124407DF2CF218820014265D /* Assets.xcassets */ = {isa = PBXFileReference; lastKnownFileType = folder.assetcatalog; path = Assets.xcassets; sourceTree = "<group>"; };
		12FD65342CF224500070DA18 /* PlaceCard.swift */ = {isa = PBXFileReference; fileEncoding = 4; lastKnownFileType = sourcecode.swift; path = PlaceCard.swift; sourceTree = "<group>"; };
		12FD65362CF225200070DA18 /* PlaceCard.Model.swift */ = {isa = PBXFileReference; lastKnownFileType = sourcecode.swift; path = PlaceCard.Model.swift; sourceTree = "<group>"; };
		12FD65382CF229F30070DA18 /* PlacesHorizontalList.swift */ = {isa = PBXFileReference; lastKnownFileType = sourcecode.swift; path = PlacesHorizontalList.swift; sourceTree = "<group>"; };
		12FD653C2CF2306A0070DA18 /* PlacesMap.swift */ = {isa = PBXFileReference; lastKnownFileType = sourcecode.swift; path = PlacesMap.swift; sourceTree = "<group>"; };
		12FD653E2CF230870070DA18 /* PlacesMap.Model.swift */ = {isa = PBXFileReference; lastKnownFileType = sourcecode.swift; path = PlacesMap.Model.swift; sourceTree = "<group>"; };
		12FD65402CF234E70070DA18 /* ListedPlacesMap.swift */ = {isa = PBXFileReference; lastKnownFileType = sourcecode.swift; path = ListedPlacesMap.swift; sourceTree = "<group>"; };
		12FD65422CF236940070DA18 /* ListedPlacesMap.Model.swift */ = {isa = PBXFileReference; lastKnownFileType = sourcecode.swift; path = ListedPlacesMap.Model.swift; sourceTree = "<group>"; };
		12FD65442CF239970070DA18 /* ListedPlacesMap+Conversions.swift */ = {isa = PBXFileReference; lastKnownFileType = sourcecode.swift; path = "ListedPlacesMap+Conversions.swift"; sourceTree = "<group>"; };
		12FD65462CF2433E0070DA18 /* PlaceManager.swift */ = {isa = PBXFileReference; lastKnownFileType = sourcecode.swift; path = PlaceManager.swift; sourceTree = "<group>"; };
/* End PBXFileReference section */

/* Begin PBXFrameworksBuildPhase section */
		124407D52CF218810014265D /* Frameworks */ = {
			isa = PBXFrameworksBuildPhase;
			buildActionMask = 2147483647;
			files = (
			);
			runOnlyForDeploymentPostprocessing = 0;
		};
/* End PBXFrameworksBuildPhase section */

/* Begin PBXGroup section */
		124407CF2CF218810014265D = {
			isa = PBXGroup;
			children = (
				124407DA2CF218810014265D /* FiveSquare */,
				124407D92CF218810014265D /* Products */,
			);
			sourceTree = "<group>";
		};
		124407D92CF218810014265D /* Products */ = {
			isa = PBXGroup;
			children = (
				124407D82CF218810014265D /* FiveSquare.app */,
			);
			name = Products;
			sourceTree = "<group>";
		};
		124407DA2CF218810014265D /* FiveSquare */ = {
			isa = PBXGroup;
			children = (
				124407DF2CF218820014265D /* Assets.xcassets */,
				12FD65482CF2604F0070DA18 /* Views */,
				12FD65492CF2606F0070DA18 /* ViewDTOs */,
				124407DB2CF218810014265D /* FiveSquareApp.swift */,
				12FD65462CF2433E0070DA18 /* PlaceManager.swift */,
			);
			path = FiveSquare;
			sourceTree = "<group>";
		};
		12FD65482CF2604F0070DA18 /* Views */ = {
			isa = PBXGroup;
			children = (
				124407DD2CF218810014265D /* ContentView.swift */,
				12FD65402CF234E70070DA18 /* ListedPlacesMap.swift */,
				12FD65342CF224500070DA18 /* PlaceCard.swift */,
				12FD65382CF229F30070DA18 /* PlacesHorizontalList.swift */,
				12FD653C2CF2306A0070DA18 /* PlacesMap.swift */,
			);
			path = Views;
			sourceTree = "<group>";
		};
		12FD65492CF2606F0070DA18 /* ViewDTOs */ = {
			isa = PBXGroup;
			children = (
				12FD65442CF239970070DA18 /* ListedPlacesMap+Conversions.swift */,
				12FD65422CF236940070DA18 /* ListedPlacesMap.Model.swift */,
				12FD65362CF225200070DA18 /* PlaceCard.Model.swift */,
				12FD653E2CF230870070DA18 /* PlacesMap.Model.swift */,
			);
			path = ViewDTOs;
			sourceTree = "<group>";
		};
/* End PBXGroup section */

/* Begin PBXNativeTarget section */
		124407D72CF218810014265D /* FiveSquare */ = {
			isa = PBXNativeTarget;
			buildConfigurationList = 124407E62CF218820014265D /* Build configuration list for PBXNativeTarget "FiveSquare" */;
			buildPhases = (
				124407D42CF218810014265D /* Sources */,
				124407D52CF218810014265D /* Frameworks */,
				124407D62CF218810014265D /* Resources */,
			);
			buildRules = (
			);
			dependencies = (
			);
			name = FiveSquare;
			productName = FiveSquare;
			productReference = 124407D82CF218810014265D /* FiveSquare.app */;
			productType = "com.apple.product-type.application";
		};
/* End PBXNativeTarget section */

/* Begin PBXProject section */
		124407D02CF218810014265D /* Project object */ = {
			isa = PBXProject;
			attributes = {
				BuildIndependentTargetsInParallel = 1;
				LastSwiftUpdateCheck = 1520;
				LastUpgradeCheck = 1520;
				TargetAttributes = {
					124407D72CF218810014265D = {
						CreatedOnToolsVersion = 15.2;
					};
				};
			};
			buildConfigurationList = 124407D32CF218810014265D /* Build configuration list for PBXProject "FiveSquare" */;
			compatibilityVersion = "Xcode 14.0";
			developmentRegion = en;
			hasScannedForEncodings = 0;
			knownRegions = (
				en,
				Base,
			);
			mainGroup = 124407CF2CF218810014265D;
			productRefGroup = 124407D92CF218810014265D /* Products */;
			projectDirPath = "";
			projectRoot = "";
			targets = (
				124407D72CF218810014265D /* FiveSquare */,
			);
		};
/* End PBXProject section */

/* Begin PBXResourcesBuildPhase section */
		124407D62CF218810014265D /* Resources */ = {
			isa = PBXResourcesBuildPhase;
			buildActionMask = 2147483647;
			files = (
				124407E02CF218820014265D /* Assets.xcassets in Resources */,
			);
			runOnlyForDeploymentPostprocessing = 0;
		};
/* End PBXResourcesBuildPhase section */

/* Begin PBXSourcesBuildPhase section */
		124407D42CF218810014265D /* Sources */ = {
			isa = PBXSourcesBuildPhase;
			buildActionMask = 2147483647;
			files = (
				12FD65452CF239970070DA18 /* ListedPlacesMap+Conversions.swift in Sources */,
				12FD65372CF225200070DA18 /* PlaceCard.Model.swift in Sources */,
				124407DE2CF218810014265D /* ContentView.swift in Sources */,
				12FD653F2CF230870070DA18 /* PlacesMap.Model.swift in Sources */,
				12FD65412CF234E70070DA18 /* ListedPlacesMap.swift in Sources */,
				12FD653D2CF2306A0070DA18 /* PlacesMap.swift in Sources */,
				12FD65432CF236940070DA18 /* ListedPlacesMap.Model.swift in Sources */,
				12FD65392CF229F30070DA18 /* PlacesHorizontalList.swift in Sources */,
				12FD65472CF2433E0070DA18 /* PlaceManager.swift in Sources */,
				12FD65352CF224500070DA18 /* PlaceCard.swift in Sources */,
				124407DC2CF218810014265D /* FiveSquareApp.swift in Sources */,
			);
			runOnlyForDeploymentPostprocessing = 0;
		};
/* End PBXSourcesBuildPhase section */

/* Begin XCBuildConfiguration section */
		124407E42CF218820014265D /* Debug */ = {
			isa = XCBuildConfiguration;
			buildSettings = {
				ALWAYS_SEARCH_USER_PATHS = NO;
				ASSETCATALOG_COMPILER_GENERATE_SWIFT_ASSET_SYMBOL_EXTENSIONS = YES;
				CLANG_ANALYZER_NONNULL = YES;
				CLANG_ANALYZER_NUMBER_OBJECT_CONVERSION = YES_AGGRESSIVE;
				CLANG_CXX_LANGUAGE_STANDARD = "gnu++20";
				CLANG_ENABLE_MODULES = YES;
				CLANG_ENABLE_OBJC_ARC = YES;
				CLANG_ENABLE_OBJC_WEAK = YES;
				CLANG_WARN_BLOCK_CAPTURE_AUTORELEASING = YES;
				CLANG_WARN_BOOL_CONVERSION = YES;
				CLANG_WARN_COMMA = YES;
				CLANG_WARN_CONSTANT_CONVERSION = YES;
				CLANG_WARN_DEPRECATED_OBJC_IMPLEMENTATIONS = YES;
				CLANG_WARN_DIRECT_OBJC_ISA_USAGE = YES_ERROR;
				CLANG_WARN_DOCUMENTATION_COMMENTS = YES;
				CLANG_WARN_EMPTY_BODY = YES;
				CLANG_WARN_ENUM_CONVERSION = YES;
				CLANG_WARN_INFINITE_RECURSION = YES;
				CLANG_WARN_INT_CONVERSION = YES;
				CLANG_WARN_NON_LITERAL_NULL_CONVERSION = YES;
				CLANG_WARN_OBJC_IMPLICIT_RETAIN_SELF = YES;
				CLANG_WARN_OBJC_LITERAL_CONVERSION = YES;
				CLANG_WARN_OBJC_ROOT_CLASS = YES_ERROR;
				CLANG_WARN_QUOTED_INCLUDE_IN_FRAMEWORK_HEADER = YES;
				CLANG_WARN_RANGE_LOOP_ANALYSIS = YES;
				CLANG_WARN_STRICT_PROTOTYPES = YES;
				CLANG_WARN_SUSPICIOUS_MOVE = YES;
				CLANG_WARN_UNGUARDED_AVAILABILITY = YES_AGGRESSIVE;
				CLANG_WARN_UNREACHABLE_CODE = YES;
				CLANG_WARN__DUPLICATE_METHOD_MATCH = YES;
				COPY_PHASE_STRIP = NO;
				DEBUG_INFORMATION_FORMAT = dwarf;
				ENABLE_STRICT_OBJC_MSGSEND = YES;
				ENABLE_TESTABILITY = YES;
				ENABLE_USER_SCRIPT_SANDBOXING = YES;
				GCC_C_LANGUAGE_STANDARD = gnu17;
				GCC_DYNAMIC_NO_PIC = NO;
				GCC_NO_COMMON_BLOCKS = YES;
				GCC_OPTIMIZATION_LEVEL = 0;
				GCC_PREPROCESSOR_DEFINITIONS = (
					"DEBUG=1",
					"$(inherited)",
				);
				GCC_WARN_64_TO_32_BIT_CONVERSION = YES;
				GCC_WARN_ABOUT_RETURN_TYPE = YES_ERROR;
				GCC_WARN_UNDECLARED_SELECTOR = YES;
				GCC_WARN_UNINITIALIZED_AUTOS = YES_AGGRESSIVE;
				GCC_WARN_UNUSED_FUNCTION = YES;
				GCC_WARN_UNUSED_VARIABLE = YES;
				IPHONEOS_DEPLOYMENT_TARGET = 17.2;
				LOCALIZATION_PREFERS_STRING_CATALOGS = YES;
				MTL_ENABLE_DEBUG_INFO = INCLUDE_SOURCE;
				MTL_FAST_MATH = YES;
				ONLY_ACTIVE_ARCH = YES;
				SDKROOT = iphoneos;
				SWIFT_ACTIVE_COMPILATION_CONDITIONS = "DEBUG $(inherited)";
				SWIFT_OPTIMIZATION_LEVEL = "-Onone";
			};
			name = Debug;
		};
		124407E52CF218820014265D /* Release */ = {
			isa = XCBuildConfiguration;
			buildSettings = {
				ALWAYS_SEARCH_USER_PATHS = NO;
				ASSETCATALOG_COMPILER_GENERATE_SWIFT_ASSET_SYMBOL_EXTENSIONS = YES;
				CLANG_ANALYZER_NONNULL = YES;
				CLANG_ANALYZER_NUMBER_OBJECT_CONVERSION = YES_AGGRESSIVE;
				CLANG_CXX_LANGUAGE_STANDARD = "gnu++20";
				CLANG_ENABLE_MODULES = YES;
				CLANG_ENABLE_OBJC_ARC = YES;
				CLANG_ENABLE_OBJC_WEAK = YES;
				CLANG_WARN_BLOCK_CAPTURE_AUTORELEASING = YES;
				CLANG_WARN_BOOL_CONVERSION = YES;
				CLANG_WARN_COMMA = YES;
				CLANG_WARN_CONSTANT_CONVERSION = YES;
				CLANG_WARN_DEPRECATED_OBJC_IMPLEMENTATIONS = YES;
				CLANG_WARN_DIRECT_OBJC_ISA_USAGE = YES_ERROR;
				CLANG_WARN_DOCUMENTATION_COMMENTS = YES;
				CLANG_WARN_EMPTY_BODY = YES;
				CLANG_WARN_ENUM_CONVERSION = YES;
				CLANG_WARN_INFINITE_RECURSION = YES;
				CLANG_WARN_INT_CONVERSION = YES;
				CLANG_WARN_NON_LITERAL_NULL_CONVERSION = YES;
				CLANG_WARN_OBJC_IMPLICIT_RETAIN_SELF = YES;
				CLANG_WARN_OBJC_LITERAL_CONVERSION = YES;
				CLANG_WARN_OBJC_ROOT_CLASS = YES_ERROR;
				CLANG_WARN_QUOTED_INCLUDE_IN_FRAMEWORK_HEADER = YES;
				CLANG_WARN_RANGE_LOOP_ANALYSIS = YES;
				CLANG_WARN_STRICT_PROTOTYPES = YES;
				CLANG_WARN_SUSPICIOUS_MOVE = YES;
				CLANG_WARN_UNGUARDED_AVAILABILITY = YES_AGGRESSIVE;
				CLANG_WARN_UNREACHABLE_CODE = YES;
				CLANG_WARN__DUPLICATE_METHOD_MATCH = YES;
				COPY_PHASE_STRIP = NO;
				DEBUG_INFORMATION_FORMAT = "dwarf-with-dsym";
				ENABLE_NS_ASSERTIONS = NO;
				ENABLE_STRICT_OBJC_MSGSEND = YES;
				ENABLE_USER_SCRIPT_SANDBOXING = YES;
				GCC_C_LANGUAGE_STANDARD = gnu17;
				GCC_NO_COMMON_BLOCKS = YES;
				GCC_WARN_64_TO_32_BIT_CONVERSION = YES;
				GCC_WARN_ABOUT_RETURN_TYPE = YES_ERROR;
				GCC_WARN_UNDECLARED_SELECTOR = YES;
				GCC_WARN_UNINITIALIZED_AUTOS = YES_AGGRESSIVE;
				GCC_WARN_UNUSED_FUNCTION = YES;
				GCC_WARN_UNUSED_VARIABLE = YES;
				IPHONEOS_DEPLOYMENT_TARGET = 17.2;
				LOCALIZATION_PREFERS_STRING_CATALOGS = YES;
				MTL_ENABLE_DEBUG_INFO = NO;
				MTL_FAST_MATH = YES;
				SDKROOT = iphoneos;
				SWIFT_COMPILATION_MODE = wholemodule;
				VALIDATE_PRODUCT = YES;
			};
			name = Release;
		};
		124407E72CF218820014265D /* Debug */ = {
			isa = XCBuildConfiguration;
			buildSettings = {
				ASSETCATALOG_COMPILER_APPICON_NAME = AppIcon;
				ASSETCATALOG_COMPILER_GLOBAL_ACCENT_COLOR_NAME = AccentColor;
				CODE_SIGN_STYLE = Automatic;
				CURRENT_PROJECT_VERSION = 1;
				DEVELOPMENT_ASSET_PATHS = "";
				ENABLE_PREVIEWS = YES;
				GENERATE_INFOPLIST_FILE = YES;
				INFOPLIST_KEY_NSLocationWhenInUseUsageDescription = "";
				INFOPLIST_KEY_UIApplicationSceneManifest_Generation = YES;
				INFOPLIST_KEY_UIApplicationSupportsIndirectInputEvents = YES;
				INFOPLIST_KEY_UILaunchScreen_Generation = YES;
				INFOPLIST_KEY_UISupportedInterfaceOrientations_iPad = "UIInterfaceOrientationPortrait UIInterfaceOrientationPortraitUpsideDown UIInterfaceOrientationLandscapeLeft UIInterfaceOrientationLandscapeRight";
				INFOPLIST_KEY_UISupportedInterfaceOrientations_iPhone = "UIInterfaceOrientationPortrait UIInterfaceOrientationLandscapeLeft UIInterfaceOrientationLandscapeRight";
				LD_RUNPATH_SEARCH_PATHS = (
					"$(inherited)",
					"@executable_path/Frameworks",
				);
				MARKETING_VERSION = 1.0;
				PRODUCT_BUNDLE_IDENTIFIER = com.shadiGhelman.FiveSquare;
				PRODUCT_NAME = "$(TARGET_NAME)";
				SWIFT_EMIT_LOC_STRINGS = YES;
				SWIFT_VERSION = 5.0;
				TARGETED_DEVICE_FAMILY = "1,2";
			};
			name = Debug;
		};
		124407E82CF218820014265D /* Release */ = {
			isa = XCBuildConfiguration;
			buildSettings = {
				ASSETCATALOG_COMPILER_APPICON_NAME = AppIcon;
				ASSETCATALOG_COMPILER_GLOBAL_ACCENT_COLOR_NAME = AccentColor;
				CODE_SIGN_STYLE = Automatic;
				CURRENT_PROJECT_VERSION = 1;
				DEVELOPMENT_ASSET_PATHS = "";
				ENABLE_PREVIEWS = YES;
				GENERATE_INFOPLIST_FILE = YES;
				INFOPLIST_KEY_NSLocationWhenInUseUsageDescription = "";
				INFOPLIST_KEY_UIApplicationSceneManifest_Generation = YES;
				INFOPLIST_KEY_UIApplicationSupportsIndirectInputEvents = YES;
				INFOPLIST_KEY_UILaunchScreen_Generation = YES;
				INFOPLIST_KEY_UISupportedInterfaceOrientations_iPad = "UIInterfaceOrientationPortrait UIInterfaceOrientationPortraitUpsideDown UIInterfaceOrientationLandscapeLeft UIInterfaceOrientationLandscapeRight";
				INFOPLIST_KEY_UISupportedInterfaceOrientations_iPhone = "UIInterfaceOrientationPortrait UIInterfaceOrientationLandscapeLeft UIInterfaceOrientationLandscapeRight";
				LD_RUNPATH_SEARCH_PATHS = (
					"$(inherited)",
					"@executable_path/Frameworks",
				);
				MARKETING_VERSION = 1.0;
				PRODUCT_BUNDLE_IDENTIFIER = com.shadiGhelman.FiveSquare;
				PRODUCT_NAME = "$(TARGET_NAME)";
				SWIFT_EMIT_LOC_STRINGS = YES;
				SWIFT_VERSION = 5.0;
				TARGETED_DEVICE_FAMILY = "1,2";
			};
			name = Release;
		};
/* End XCBuildConfiguration section */

/* Begin XCConfigurationList section */
		124407D32CF218810014265D /* Build configuration list for PBXProject "FiveSquare" */ = {
			isa = XCConfigurationList;
			buildConfigurations = (
				124407E42CF218820014265D /* Debug */,
				124407E52CF218820014265D /* Release */,
			);
			defaultConfigurationIsVisible = 0;
			defaultConfigurationName = Release;
		};
		124407E62CF218820014265D /* Build configuration list for PBXNativeTarget "FiveSquare" */ = {
			isa = XCConfigurationList;
			buildConfigurations = (
				124407E72CF218820014265D /* Debug */,
				124407E82CF218820014265D /* Release */,
			);
			defaultConfigurationIsVisible = 0;
			defaultConfigurationName = Release;
		};
/* End XCConfigurationList section */
	};
	rootObject = 124407D02CF218810014265D /* Project object */;
}
